// !$*UTF8*$!
{
	archiveVersion = 1;
	classes = {
	};
	objectVersion = 56;
	objects = {

/* Begin PBXBuildFile section */
		643C1E262A280F59007028B4 /* DataController.swift in Sources */ = {isa = PBXBuildFile; fileRef = 643C1E252A280F59007028B4 /* DataController.swift */; };
		643C1E282A28BF73007028B4 /* CardsView.swift in Sources */ = {isa = PBXBuildFile; fileRef = 643C1E272A28BF73007028B4 /* CardsView.swift */; };
		643C1E2A2A28C290007028B4 /* SwiftUIView.swift in Sources */ = {isa = PBXBuildFile; fileRef = 643C1E292A28C290007028B4 /* SwiftUIView.swift */; };
		644A02C32A280B1F00CDFE21 /* OADataModel.xcdatamodeld in Sources */ = {isa = PBXBuildFile; fileRef = 644A02C12A280B1F00CDFE21 /* OADataModel.xcdatamodeld */; };
		BD1CE5F62A0923450084EEC9 /* Barbie_worldApp.swift in Sources */ = {isa = PBXBuildFile; fileRef = BD1CE5F52A0923450084EEC9 /* Barbie_worldApp.swift */; };
		BD1CE5F82A0923450084EEC9 /* ContentView.swift in Sources */ = {isa = PBXBuildFile; fileRef = BD1CE5F72A0923450084EEC9 /* ContentView.swift */; };
		BD1CE5FA2A0923460084EEC9 /* Assets.xcassets in Resources */ = {isa = PBXBuildFile; fileRef = BD1CE5F92A0923460084EEC9 /* Assets.xcassets */; };
		BD1CE5FD2A0923460084EEC9 /* Preview Assets.xcassets in Resources */ = {isa = PBXBuildFile; fileRef = BD1CE5FC2A0923460084EEC9 /* Preview Assets.xcassets */; };
		BD50CBB62A20F3250011CB56 /* DetailView.swift in Sources */ = {isa = PBXBuildFile; fileRef = BD50CBB52A20F3250011CB56 /* DetailView.swift */; };
/* End PBXBuildFile section */

/* Begin PBXFileReference section */
		643C1E252A280F59007028B4 /* DataController.swift */ = {isa = PBXFileReference; lastKnownFileType = sourcecode.swift; path = DataController.swift; sourceTree = "<group>"; };
		643C1E272A28BF73007028B4 /* CardsView.swift */ = {isa = PBXFileReference; lastKnownFileType = sourcecode.swift; path = CardsView.swift; sourceTree = "<group>"; };
		643C1E292A28C290007028B4 /* SwiftUIView.swift */ = {isa = PBXFileReference; lastKnownFileType = sourcecode.swift; path = SwiftUIView.swift; sourceTree = "<group>"; };
		644A02C22A280B1F00CDFE21 /* OADataModel.xcdatamodel */ = {isa = PBXFileReference; lastKnownFileType = wrapper.xcdatamodel; path = OADataModel.xcdatamodel; sourceTree = "<group>"; };
		BD1CE5F22A0923450084EEC9 /* Barbie-world.app */ = {isa = PBXFileReference; explicitFileType = wrapper.application; includeInIndex = 0; path = "Barbie-world.app"; sourceTree = BUILT_PRODUCTS_DIR; };
		BD1CE5F52A0923450084EEC9 /* Barbie_worldApp.swift */ = {isa = PBXFileReference; lastKnownFileType = sourcecode.swift; path = Barbie_worldApp.swift; sourceTree = "<group>"; };
		BD1CE5F72A0923450084EEC9 /* ContentView.swift */ = {isa = PBXFileReference; lastKnownFileType = sourcecode.swift; path = ContentView.swift; sourceTree = "<group>"; };
		BD1CE5F92A0923460084EEC9 /* Assets.xcassets */ = {isa = PBXFileReference; lastKnownFileType = folder.assetcatalog; path = Assets.xcassets; sourceTree = "<group>"; };
		BD1CE5FC2A0923460084EEC9 /* Preview Assets.xcassets */ = {isa = PBXFileReference; lastKnownFileType = folder.assetcatalog; path = "Preview Assets.xcassets"; sourceTree = "<group>"; };
		BD1CE6032A0923DD0084EEC9 /* .gitignore.md */ = {isa = PBXFileReference; lastKnownFileType = net.daringfireball.markdown; path = .gitignore.md; sourceTree = "<group>"; };
		BD50CBB52A20F3250011CB56 /* DetailView.swift */ = {isa = PBXFileReference; lastKnownFileType = sourcecode.swift; path = DetailView.swift; sourceTree = "<group>"; };
/* End PBXFileReference section */

/* Begin PBXFrameworksBuildPhase section */
		BD1CE5EF2A0923450084EEC9 /* Frameworks */ = {
			isa = PBXFrameworksBuildPhase;
			buildActionMask = 2147483647;
			files = (
			);
			runOnlyForDeploymentPostprocessing = 0;
		};
/* End PBXFrameworksBuildPhase section */

/* Begin PBXGroup section */
		BD1CE5E92A0923450084EEC9 = {
			isa = PBXGroup;
			children = (
				BD1CE5F42A0923450084EEC9 /* Barbie-world */,
				BD1CE5F32A0923450084EEC9 /* Products */,
			);
			sourceTree = "<group>";
		};
		BD1CE5F32A0923450084EEC9 /* Products */ = {
			isa = PBXGroup;
			children = (
				BD1CE5F22A0923450084EEC9 /* Barbie-world.app */,
			);
			name = Products;
			sourceTree = "<group>";
		};
		BD1CE5F42A0923450084EEC9 /* Barbie-world */ = {
			isa = PBXGroup;
			children = (
				BD1CE5F52A0923450084EEC9 /* Barbie_worldApp.swift */,
				BD1CE5F72A0923450084EEC9 /* ContentView.swift */,
				643C1E272A28BF73007028B4 /* CardsView.swift */,
				643C1E292A28C290007028B4 /* SwiftUIView.swift */,
				643C1E252A280F59007028B4 /* DataController.swift */,
				BD50CBB52A20F3250011CB56 /* DetailView.swift */,
				644A02C12A280B1F00CDFE21 /* OADataModel.xcdatamodeld */,
				BD1CE6032A0923DD0084EEC9 /* .gitignore.md */,
				BD1CE5F92A0923460084EEC9 /* Assets.xcassets */,
				BD1CE5FB2A0923460084EEC9 /* Preview Content */,
			);
			path = "Barbie-world";
			sourceTree = "<group>";
		};
		BD1CE5FB2A0923460084EEC9 /* Preview Content */ = {
			isa = PBXGroup;
			children = (
				BD1CE5FC2A0923460084EEC9 /* Preview Assets.xcassets */,
			);
			path = "Preview Content";
			sourceTree = "<group>";
		};
/* End PBXGroup section */

/* Begin PBXNativeTarget section */
		BD1CE5F12A0923450084EEC9 /* Barbie-world */ = {
			isa = PBXNativeTarget;
			buildConfigurationList = BD1CE6002A0923460084EEC9 /* Build configuration list for PBXNativeTarget "Barbie-world" */;
			buildPhases = (
				BD1CE5EE2A0923450084EEC9 /* Sources */,
				BD1CE5EF2A0923450084EEC9 /* Frameworks */,
				BD1CE5F02A0923450084EEC9 /* Resources */,
			);
			buildRules = (
			);
			dependencies = (
			);
			name = "Barbie-world";
			productName = "Barbie-world";
			productReference = BD1CE5F22A0923450084EEC9 /* Barbie-world.app */;
			productType = "com.apple.product-type.application";
		};
/* End PBXNativeTarget section */

/* Begin PBXProject section */
		BD1CE5EA2A0923450084EEC9 /* Project object */ = {
			isa = PBXProject;
			attributes = {
				BuildIndependentTargetsInParallel = 1;
				LastSwiftUpdateCheck = 1430;
				LastUpgradeCheck = 1430;
				TargetAttributes = {
					BD1CE5F12A0923450084EEC9 = {
						CreatedOnToolsVersion = 14.3;
					};
				};
			};
			buildConfigurationList = BD1CE5ED2A0923450084EEC9 /* Build configuration list for PBXProject "Barbie-world" */;
			compatibilityVersion = "Xcode 14.0";
			developmentRegion = en;
			hasScannedForEncodings = 0;
			knownRegions = (
				en,
				Base,
			);
			mainGroup = BD1CE5E92A0923450084EEC9;
			productRefGroup = BD1CE5F32A0923450084EEC9 /* Products */;
			projectDirPath = "";
			projectRoot = "";
			targets = (
				BD1CE5F12A0923450084EEC9 /* Barbie-world */,
			);
		};
/* End PBXProject section */

/* Begin PBXResourcesBuildPhase section */
		BD1CE5F02A0923450084EEC9 /* Resources */ = {
			isa = PBXResourcesBuildPhase;
			buildActionMask = 2147483647;
			files = (
				BD1CE5FD2A0923460084EEC9 /* Preview Assets.xcassets in Resources */,
				BD1CE5FA2A0923460084EEC9 /* Assets.xcassets in Resources */,
			);
			runOnlyForDeploymentPostprocessing = 0;
		};
/* End PBXResourcesBuildPhase section */

/* Begin PBXSourcesBuildPhase section */
		BD1CE5EE2A0923450084EEC9 /* Sources */ = {
			isa = PBXSourcesBuildPhase;
			buildActionMask = 2147483647;
			files = (
				643C1E262A280F59007028B4 /* DataController.swift in Sources */,
				643C1E2A2A28C290007028B4 /* SwiftUIView.swift in Sources */,
				BD1CE5F82A0923450084EEC9 /* ContentView.swift in Sources */,
				643C1E282A28BF73007028B4 /* CardsView.swift in Sources */,
				BD50CBB62A20F3250011CB56 /* DetailView.swift in Sources */,
				BD1CE5F62A0923450084EEC9 /* Barbie_worldApp.swift in Sources */,
				644A02C32A280B1F00CDFE21 /* OADataModel.xcdatamodeld in Sources */,
			);
			runOnlyForDeploymentPostprocessing = 0;
		};
/* End PBXSourcesBuildPhase section */

/* Begin XCBuildConfiguration section */
		BD1CE5FE2A0923460084EEC9 /* Debug */ = {
			isa = XCBuildConfiguration;
			buildSettings = {
				ALWAYS_SEARCH_USER_PATHS = NO;
				CLANG_ANALYZER_NONNULL = YES;
				CLANG_ANALYZER_NUMBER_OBJECT_CONVERSION = YES_AGGRESSIVE;
				CLANG_CXX_LANGUAGE_STANDARD = "gnu++20";
				CLANG_ENABLE_MODULES = YES;
				CLANG_ENABLE_OBJC_ARC = YES;
				CLANG_ENABLE_OBJC_WEAK = YES;
				CLANG_WARN_BLOCK_CAPTURE_AUTORELEASING = YES;
				CLANG_WARN_BOOL_CONVERSION = YES;
				CLANG_WARN_COMMA = YES;
				CLANG_WARN_CONSTANT_CONVERSION = YES;
				CLANG_WARN_DEPRECATED_OBJC_IMPLEMENTATIONS = YES;
				CLANG_WARN_DIRECT_OBJC_ISA_USAGE = YES_ERROR;
				CLANG_WARN_DOCUMENTATION_COMMENTS = YES;
				CLANG_WARN_EMPTY_BODY = YES;
				CLANG_WARN_ENUM_CONVERSION = YES;
				CLANG_WARN_INFINITE_RECURSION = YES;
				CLANG_WARN_INT_CONVERSION = YES;
				CLANG_WARN_NON_LITERAL_NULL_CONVERSION = YES;
				CLANG_WARN_OBJC_IMPLICIT_RETAIN_SELF = YES;
				CLANG_WARN_OBJC_LITERAL_CONVERSION = YES;
				CLANG_WARN_OBJC_ROOT_CLASS = YES_ERROR;
				CLANG_WARN_QUOTED_INCLUDE_IN_FRAMEWORK_HEADER = YES;
				CLANG_WARN_RANGE_LOOP_ANALYSIS = YES;
				CLANG_WARN_STRICT_PROTOTYPES = YES;
				CLANG_WARN_SUSPICIOUS_MOVE = YES;
				CLANG_WARN_UNGUARDED_AVAILABILITY = YES_AGGRESSIVE;
				CLANG_WARN_UNREACHABLE_CODE = YES;
				CLANG_WARN__DUPLICATE_METHOD_MATCH = YES;
				COPY_PHASE_STRIP = NO;
				DEBUG_INFORMATION_FORMAT = dwarf;
				ENABLE_STRICT_OBJC_MSGSEND = YES;
				ENABLE_TESTABILITY = YES;
				GCC_C_LANGUAGE_STANDARD = gnu11;
				GCC_DYNAMIC_NO_PIC = NO;
				GCC_NO_COMMON_BLOCKS = YES;
				GCC_OPTIMIZATION_LEVEL = 0;
				GCC_PREPROCESSOR_DEFINITIONS = (
					"DEBUG=1",
					"$(inherited)",
				);
				GCC_WARN_64_TO_32_BIT_CONVERSION = YES;
				GCC_WARN_ABOUT_RETURN_TYPE = YES_ERROR;
				GCC_WARN_UNDECLARED_SELECTOR = YES;
				GCC_WARN_UNINITIALIZED_AUTOS = YES_AGGRESSIVE;
				GCC_WARN_UNUSED_FUNCTION = YES;
				GCC_WARN_UNUSED_VARIABLE = YES;
				IPHONEOS_DEPLOYMENT_TARGET = 16.4;
				MTL_ENABLE_DEBUG_INFO = INCLUDE_SOURCE;
				MTL_FAST_MATH = YES;
				ONLY_ACTIVE_ARCH = YES;
				SDKROOT = iphoneos;
				SWIFT_ACTIVE_COMPILATION_CONDITIONS = DEBUG;
				SWIFT_OPTIMIZATION_LEVEL = "-Onone";
			};
			name = Debug;
		};
		BD1CE5FF2A0923460084EEC9 /* Release */ = {
			isa = XCBuildConfiguration;
			buildSettings = {
				ALWAYS_SEARCH_USER_PATHS = NO;
				CLANG_ANALYZER_NONNULL = YES;
				CLANG_ANALYZER_NUMBER_OBJECT_CONVERSION = YES_AGGRESSIVE;
				CLANG_CXX_LANGUAGE_STANDARD = "gnu++20";
				CLANG_ENABLE_MODULES = YES;
				CLANG_ENABLE_OBJC_ARC = YES;
				CLANG_ENABLE_OBJC_WEAK = YES;
				CLANG_WARN_BLOCK_CAPTURE_AUTORELEASING = YES;
				CLANG_WARN_BOOL_CONVERSION = YES;
				CLANG_WARN_COMMA = YES;
				CLANG_WARN_CONSTANT_CONVERSION = YES;
				CLANG_WARN_DEPRECATED_OBJC_IMPLEMENTATIONS = YES;
				CLANG_WARN_DIRECT_OBJC_ISA_USAGE = YES_ERROR;
				CLANG_WARN_DOCUMENTATION_COMMENTS = YES;
				CLANG_WARN_EMPTY_BODY = YES;
				CLANG_WARN_ENUM_CONVERSION = YES;
				CLANG_WARN_INFINITE_RECURSION = YES;
				CLANG_WARN_INT_CONVERSION = YES;
				CLANG_WARN_NON_LITERAL_NULL_CONVERSION = YES;
				CLANG_WARN_OBJC_IMPLICIT_RETAIN_SELF = YES;
				CLANG_WARN_OBJC_LITERAL_CONVERSION = YES;
				CLANG_WARN_OBJC_ROOT_CLASS = YES_ERROR;
				CLANG_WARN_QUOTED_INCLUDE_IN_FRAMEWORK_HEADER = YES;
				CLANG_WARN_RANGE_LOOP_ANALYSIS = YES;
				CLANG_WARN_STRICT_PROTOTYPES = YES;
				CLANG_WARN_SUSPICIOUS_MOVE = YES;
				CLANG_WARN_UNGUARDED_AVAILABILITY = YES_AGGRESSIVE;
				CLANG_WARN_UNREACHABLE_CODE = YES;
				CLANG_WARN__DUPLICATE_METHOD_MATCH = YES;
				COPY_PHASE_STRIP = NO;
				DEBUG_INFORMATION_FORMAT = "dwarf-with-dsym";
				ENABLE_NS_ASSERTIONS = NO;
				ENABLE_STRICT_OBJC_MSGSEND = YES;
				GCC_C_LANGUAGE_STANDARD = gnu11;
				GCC_NO_COMMON_BLOCKS = YES;
				GCC_WARN_64_TO_32_BIT_CONVERSION = YES;
				GCC_WARN_ABOUT_RETURN_TYPE = YES_ERROR;
				GCC_WARN_UNDECLARED_SELECTOR = YES;
				GCC_WARN_UNINITIALIZED_AUTOS = YES_AGGRESSIVE;
				GCC_WARN_UNUSED_FUNCTION = YES;
				GCC_WARN_UNUSED_VARIABLE = YES;
				IPHONEOS_DEPLOYMENT_TARGET = 16.4;
				MTL_ENABLE_DEBUG_INFO = NO;
				MTL_FAST_MATH = YES;
				SDKROOT = iphoneos;
				SWIFT_COMPILATION_MODE = wholemodule;
				SWIFT_OPTIMIZATION_LEVEL = "-O";
				VALIDATE_PRODUCT = YES;
			};
			name = Release;
		};
		BD1CE6012A0923460084EEC9 /* Debug */ = {
			isa = XCBuildConfiguration;
			buildSettings = {
				ASSETCATALOG_COMPILER_APPICON_NAME = AppIcon;
				ASSETCATALOG_COMPILER_GLOBAL_ACCENT_COLOR_NAME = AccentColor;
				CODE_SIGN_STYLE = Automatic;
				CURRENT_PROJECT_VERSION = 1;
				DEVELOPMENT_ASSET_PATHS = "\"Barbie-world/Preview Content\"";
				DEVELOPMENT_TEAM = QJZZNXUZ63;
				ENABLE_PREVIEWS = YES;
				GENERATE_INFOPLIST_FILE = YES;
				INFOPLIST_KEY_UIApplicationSceneManifest_Generation = YES;
				INFOPLIST_KEY_UIApplicationSupportsIndirectInputEvents = YES;
				INFOPLIST_KEY_UILaunchScreen_Generation = YES;
				INFOPLIST_KEY_UISupportedInterfaceOrientations_iPad = "UIInterfaceOrientationPortrait UIInterfaceOrientationPortraitUpsideDown UIInterfaceOrientationLandscapeLeft UIInterfaceOrientationLandscapeRight";
				INFOPLIST_KEY_UISupportedInterfaceOrientations_iPhone = "UIInterfaceOrientationPortrait UIInterfaceOrientationLandscapeLeft UIInterfaceOrientationLandscapeRight";
				LD_RUNPATH_SEARCH_PATHS = (
					"$(inherited)",
					"@executable_path/Frameworks",
				);
				MARKETING_VERSION = 1.0;
				PRODUCT_BUNDLE_IDENTIFIER = "sofia.Barbie-world";
				PRODUCT_NAME = "$(TARGET_NAME)";
				SUPPORTED_PLATFORMS = macosx;
				SUPPORTS_MACCATALYST = NO;
				SUPPORTS_MAC_DESIGNED_FOR_IPHONE_IPAD = NO;
				SWIFT_EMIT_LOC_STRINGS = YES;
				SWIFT_VERSION = 5.0;
			};
			name = Debug;
		};
		BD1CE6022A0923460084EEC9 /* Release */ = {
			isa = XCBuildConfiguration;
			buildSettings = {
				ASSETCATALOG_COMPILER_APPICON_NAME = AppIcon;
				ASSETCATALOG_COMPILER_GLOBAL_ACCENT_COLOR_NAME = AccentColor;
				CODE_SIGN_STYLE = Automatic;
				CURRENT_PROJECT_VERSION = 1;
				DEVELOPMENT_ASSET_PATHS = "\"Barbie-world/Preview Content\"";
				DEVELOPMENT_TEAM = QJZZNXUZ63;
				ENABLE_PREVIEWS = YES;
				GENERATE_INFOPLIST_FILE = YES;
				INFOPLIST_KEY_UIApplicationSceneManifest_Generation = YES;
				INFOPLIST_KEY_UIApplicationSupportsIndirectInputEvents = YES;
				INFOPLIST_KEY_UILaunchScreen_Generation = YES;
				INFOPLIST_KEY_UISupportedInterfaceOrientations_iPad = "UIInterfaceOrientationPortrait UIInterfaceOrientationPortraitUpsideDown UIInterfaceOrientationLandscapeLeft UIInterfaceOrientationLandscapeRight";
				INFOPLIST_KEY_UISupportedInterfaceOrientations_iPhone = "UIInterfaceOrientationPortrait UIInterfaceOrientationLandscapeLeft UIInterfaceOrientationLandscapeRight";
				LD_RUNPATH_SEARCH_PATHS = (
					"$(inherited)",
					"@executable_path/Frameworks",
				);
				MARKETING_VERSION = 1.0;
				PRODUCT_BUNDLE_IDENTIFIER = "sofia.Barbie-world";
				PRODUCT_NAME = "$(TARGET_NAME)";
				SUPPORTED_PLATFORMS = macosx;
				SUPPORTS_MACCATALYST = NO;
				SUPPORTS_MAC_DESIGNED_FOR_IPHONE_IPAD = NO;
				SWIFT_EMIT_LOC_STRINGS = YES;
				SWIFT_VERSION = 5.0;
			};
			name = Release;
		};
/* End XCBuildConfiguration section */

/* Begin XCConfigurationList section */
		BD1CE5ED2A0923450084EEC9 /* Build configuration list for PBXProject "Barbie-world" */ = {
			isa = XCConfigurationList;
			buildConfigurations = (
				BD1CE5FE2A0923460084EEC9 /* Debug */,
				BD1CE5FF2A0923460084EEC9 /* Release */,
			);
			defaultConfigurationIsVisible = 0;
			defaultConfigurationName = Release;
		};
		BD1CE6002A0923460084EEC9 /* Build configuration list for PBXNativeTarget "Barbie-world" */ = {
			isa = XCConfigurationList;
			buildConfigurations = (
				BD1CE6012A0923460084EEC9 /* Debug */,
				BD1CE6022A0923460084EEC9 /* Release */,
			);
			defaultConfigurationIsVisible = 0;
			defaultConfigurationName = Release;
		};
/* End XCConfigurationList section */

/* Begin XCVersionGroup section */
		644A02C12A280B1F00CDFE21 /* OADataModel.xcdatamodeld */ = {
			isa = XCVersionGroup;
			children = (
				644A02C22A280B1F00CDFE21 /* OADataModel.xcdatamodel */,
			);
			currentVersion = 644A02C22A280B1F00CDFE21 /* OADataModel.xcdatamodel */;
			path = OADataModel.xcdatamodeld;
			sourceTree = "<group>";
			versionGroupType = wrapper.xcdatamodel;
		};
/* End XCVersionGroup section */
	};
	rootObject = BD1CE5EA2A0923450084EEC9 /* Project object */;
}
